{
  "version": 4,
  "terraform_version": "1.3.7",
  "serial": 12,
  "lineage": "6f5bcda6-f34b-8576-7bd2-7fef0e17fe70",
  "outputs": {},
  "resources": [
    {
      "mode": "data",
      "type": "azurerm_client_config",
      "name": "current",
      "provider": "provider[\"registry.terraform.io/hashicorp/azurerm\"]",
      "instances": [
        {
          "schema_version": 0,
          "attributes": {
            "client_id": "04b07795-8ddb-461a-bbee-02f9e1bf7b46",
            "id": "Y2xpZW50Q29uZmlncy9jbGllbnRJZD0wNGIwNzc5NS04ZGRiLTQ2MWEtYmJlZS0wMmY5ZTFiZjdiNDY7b2JqZWN0SWQ9NmMxMjk0MTQtZGE3MC00MjQ2LWI2NWItNzc1ZTI1MTI1YmM1O3N1YnNjcmlwdGlvbklkPTFhN2FkN2FmLThhZDYtNGMzMC05ODA4LTY1NWJjN2MyZjZlYzt0ZW5hbnRJZD0zYzliODJkYi1jNmExLTQyNGItOTZmYS04NWJkMTc2YjE1Yjc=",
            "object_id": "6c129414-da70-4246-b65b-775e25125bc5",
            "subscription_id": "1a7ad7af-8ad6-4c30-9808-655bc7c2f6ec",
            "tenant_id": "3c9b82db-c6a1-424b-96fa-85bd176b15b7",
            "timeouts": null
          },
          "sensitive_attributes": []
        }
      ]
    },
    {
      "mode": "managed",
      "type": "azurerm_key_vault",
      "name": "keyvault",
      "provider": "provider[\"registry.terraform.io/hashicorp/azurerm\"]",
      "instances": [
        {
          "schema_version": 2,
          "attributes": {
            "access_policy": [
              {
                "application_id": "",
                "certificate_permissions": [],
                "key_permissions": [
                  "Get"
                ],
                "object_id": "6c129414-da70-4246-b65b-775e25125bc5",
                "secret_permissions": [
                  "Get",
                  "Backup",
                  "Delete",
                  "List",
                  "Purge",
                  "Recover",
                  "Restore"
                ],
                "storage_permissions": [
                  "Get"
                ],
                "tenant_id": "3c9b82db-c6a1-424b-96fa-85bd176b15b7"
              }
            ],
            "contact": [],
            "enable_rbac_authorization": false,
            "enabled_for_deployment": false,
            "enabled_for_disk_encryption": true,
            "enabled_for_template_deployment": false,
            "id": "/subscriptions/1a7ad7af-8ad6-4c30-9808-655bc7c2f6ec/resourceGroups/EmployeeManagementSystem/providers/Microsoft.KeyVault/vaults/EmployeeManagementSystem",
            "location": "westus",
            "name": "EmployeeManagementSystem",
            "network_acls": [
              {
                "bypass": "AzureServices",
                "default_action": "Allow",
                "ip_rules": [],
                "virtual_network_subnet_ids": []
              }
            ],
            "public_network_access_enabled": true,
            "purge_protection_enabled": false,
            "resource_group_name": "EmployeeManagementSystem",
            "sku_name": "standard",
            "soft_delete_retention_days": 7,
            "tags": {
              "Environment": "Dev",
              "Project": "EmployeeManagementSystem"
            },
            "tenant_id": "3c9b82db-c6a1-424b-96fa-85bd176b15b7",
            "timeouts": null,
            "vault_uri": "https://employeemanagementsystem.vault.azure.net/"
          },
          "sensitive_attributes": [],
          "private": "eyJlMmJmYjczMC1lY2FhLTExZTYtOGY4OC0zNDM2M2JjN2M0YzAiOnsiY3JlYXRlIjoxODAwMDAwMDAwMDAwLCJkZWxldGUiOjE4MDAwMDAwMDAwMDAsInJlYWQiOjMwMDAwMDAwMDAwMCwidXBkYXRlIjoxODAwMDAwMDAwMDAwfSwic2NoZW1hX3ZlcnNpb24iOiIyIn0=",
          "dependencies": [
            "azurerm_resource_group.rg",
            "data.azurerm_client_config.current"
          ]
        }
      ]
    },
    {
      "mode": "managed",
      "type": "azurerm_mssql_database",
      "name": "ms_sql_db",
      "provider": "provider[\"registry.terraform.io/hashicorp/azurerm\"]",
      "instances": []
    },
    {
      "mode": "managed",
      "type": "azurerm_resource_group",
      "name": "rg",
      "provider": "provider[\"registry.terraform.io/hashicorp/azurerm\"]",
      "instances": [
        {
          "schema_version": 0,
          "attributes": {
            "id": "/subscriptions/1a7ad7af-8ad6-4c30-9808-655bc7c2f6ec/resourceGroups/EmployeeManagementSystem",
            "location": "westus",
            "name": "EmployeeManagementSystem",
            "tags": {
              "environment": "dev"
            },
            "timeouts": null
          },
          "sensitive_attributes": [],
          "private": "eyJlMmJmYjczMC1lY2FhLTExZTYtOGY4OC0zNDM2M2JjN2M0YzAiOnsiY3JlYXRlIjo1NDAwMDAwMDAwMDAwLCJkZWxldGUiOjU0MDAwMDAwMDAwMDAsInJlYWQiOjMwMDAwMDAwMDAwMCwidXBkYXRlIjo1NDAwMDAwMDAwMDAwfX0="
        }
      ]
    }
  ],
  "check_results": null
}
